// !$*UTF8*$!
{
	archiveVersion = 1;
	classes = {
	};
	objectVersion = 55;
	objects = {

/* Begin PBXBuildFile section */
		881FF3F02831865300E69CD3 /* AppDelegate.swift in Sources */ = {isa = PBXBuildFile; fileRef = 881FF3EF2831865300E69CD3 /* AppDelegate.swift */; };
		881FF3F22831865300E69CD3 /* SceneDelegate.swift in Sources */ = {isa = PBXBuildFile; fileRef = 881FF3F12831865300E69CD3 /* SceneDelegate.swift */; };
		881FF3F42831865300E69CD3 /* ViewController.swift in Sources */ = {isa = PBXBuildFile; fileRef = 881FF3F32831865300E69CD3 /* ViewController.swift */; };
		881FF3F92831865400E69CD3 /* Assets.xcassets in Resources */ = {isa = PBXBuildFile; fileRef = 881FF3F82831865400E69CD3 /* Assets.xcassets */; };
		881FF3FC2831865400E69CD3 /* LaunchScreen.storyboard in Resources */ = {isa = PBXBuildFile; fileRef = 881FF3FA2831865400E69CD3 /* LaunchScreen.storyboard */; };
		881FF4082831883A00E69CD3 /* LoginScreen.swift in Sources */ = {isa = PBXBuildFile; fileRef = 881FF4072831883A00E69CD3 /* LoginScreen.swift */; };
		881FF40A2831884C00E69CD3 /* LoginViewController.swift in Sources */ = {isa = PBXBuildFile; fileRef = 881FF4092831884C00E69CD3 /* LoginViewController.swift */; };
		881FF40F2831B2A800E69CD3 /* RegisterViewController.swift in Sources */ = {isa = PBXBuildFile; fileRef = 881FF40E2831B2A800E69CD3 /* RegisterViewController.swift */; };
		881FF4112831B2B500E69CD3 /* RegisterScreen.swift in Sources */ = {isa = PBXBuildFile; fileRef = 881FF4102831B2B500E69CD3 /* RegisterScreen.swift */; };
		881FF4162831B85400E69CD3 /* PasswordChangeScreen.swift in Sources */ = {isa = PBXBuildFile; fileRef = 881FF4152831B85400E69CD3 /* PasswordChangeScreen.swift */; };
		881FF4182831B86700E69CD3 /* PasswordChangeViewController.swift in Sources */ = {isa = PBXBuildFile; fileRef = 881FF4172831B86700E69CD3 /* PasswordChangeViewController.swift */; };
		88614CB028350CAB00523FA0 /* FavoriteSpotsScreen.swift in Sources */ = {isa = PBXBuildFile; fileRef = 88614CAF28350CAB00523FA0 /* FavoriteSpotsScreen.swift */; };
		88614CB328350D3A00523FA0 /* FavoriteSpotsTableViewCell.swift in Sources */ = {isa = PBXBuildFile; fileRef = 88614CB228350D3A00523FA0 /* FavoriteSpotsTableViewCell.swift */; };
		88614CB628350D7300523FA0 /* LocationName.swift in Sources */ = {isa = PBXBuildFile; fileRef = 88614CB528350D7300523FA0 /* LocationName.swift */; };
		88614CB928350E6C00523FA0 /* ProfileScreen.swift in Sources */ = {isa = PBXBuildFile; fileRef = 88614CB828350E6C00523FA0 /* ProfileScreen.swift */; };
		88614CBD2835165700523FA0 /* Alert.swift in Sources */ = {isa = PBXBuildFile; fileRef = 88614CBC2835165700523FA0 /* Alert.swift */; };
		88DEC5622832654A003E5DE5 /* TabBarController.swift in Sources */ = {isa = PBXBuildFile; fileRef = 88DEC5612832654A003E5DE5 /* TabBarController.swift */; };
		88DEC56828326665003E5DE5 /* ForecastViewController.swift in Sources */ = {isa = PBXBuildFile; fileRef = 88DEC56728326665003E5DE5 /* ForecastViewController.swift */; };
		88DEC56E283266B9003E5DE5 /* ReportsViewController.swift in Sources */ = {isa = PBXBuildFile; fileRef = 88DEC56D283266B9003E5DE5 /* ReportsViewController.swift */; };
		88DEC570283266DB003E5DE5 /* FavoriteSpotsViewController.swift in Sources */ = {isa = PBXBuildFile; fileRef = 88DEC56F283266DB003E5DE5 /* FavoriteSpotsViewController.swift */; };
		88DEC572283266EE003E5DE5 /* ProfileViewController.swift in Sources */ = {isa = PBXBuildFile; fileRef = 88DEC571283266EE003E5DE5 /* ProfileViewController.swift */; };
		88DEC57528326BF9003E5DE5 /* ForecastScreen.swift in Sources */ = {isa = PBXBuildFile; fileRef = 88DEC57428326BF9003E5DE5 /* ForecastScreen.swift */; };
		88DEC57828327375003E5DE5 /* NearLocationsTableViewCell.swift in Sources */ = {isa = PBXBuildFile; fileRef = 88DEC57728327375003E5DE5 /* NearLocationsTableViewCell.swift */; };
		88DEC57B28327396003E5DE5 /* NearLocation.swift in Sources */ = {isa = PBXBuildFile; fileRef = 88DEC57A28327396003E5DE5 /* NearLocation.swift */; };
		88DEC57E28327B3A003E5DE5 /* ReportsScreen.swift in Sources */ = {isa = PBXBuildFile; fileRef = 88DEC57D28327B3A003E5DE5 /* ReportsScreen.swift */; };
		88DEC58128327C70003E5DE5 /* ReportsTableViewCell.swift in Sources */ = {isa = PBXBuildFile; fileRef = 88DEC58028327C70003E5DE5 /* ReportsTableViewCell.swift */; };
		88DEC58428327D0C003E5DE5 /* Report.swift in Sources */ = {isa = PBXBuildFile; fileRef = 88DEC58328327D0C003E5DE5 /* Report.swift */; };
/* End PBXBuildFile section */

/* Begin PBXFileReference section */
		881FF3EC2831865300E69CD3 /* WavesCheck.app */ = {isa = PBXFileReference; explicitFileType = wrapper.application; includeInIndex = 0; path = WavesCheck.app; sourceTree = BUILT_PRODUCTS_DIR; };
		881FF3EF2831865300E69CD3 /* AppDelegate.swift */ = {isa = PBXFileReference; lastKnownFileType = sourcecode.swift; path = AppDelegate.swift; sourceTree = "<group>"; };
		881FF3F12831865300E69CD3 /* SceneDelegate.swift */ = {isa = PBXFileReference; lastKnownFileType = sourcecode.swift; path = SceneDelegate.swift; sourceTree = "<group>"; };
		881FF3F32831865300E69CD3 /* ViewController.swift */ = {isa = PBXFileReference; lastKnownFileType = sourcecode.swift; path = ViewController.swift; sourceTree = "<group>"; };
		881FF3F82831865400E69CD3 /* Assets.xcassets */ = {isa = PBXFileReference; lastKnownFileType = folder.assetcatalog; path = Assets.xcassets; sourceTree = "<group>"; };
		881FF3FB2831865400E69CD3 /* Base */ = {isa = PBXFileReference; lastKnownFileType = file.storyboard; name = Base; path = Base.lproj/LaunchScreen.storyboard; sourceTree = "<group>"; };
		881FF3FD2831865400E69CD3 /* Info.plist */ = {isa = PBXFileReference; lastKnownFileType = text.plist.xml; path = Info.plist; sourceTree = "<group>"; };
		881FF4072831883A00E69CD3 /* LoginScreen.swift */ = {isa = PBXFileReference; lastKnownFileType = sourcecode.swift; path = LoginScreen.swift; sourceTree = "<group>"; };
		881FF4092831884C00E69CD3 /* LoginViewController.swift */ = {isa = PBXFileReference; lastKnownFileType = sourcecode.swift; path = LoginViewController.swift; sourceTree = "<group>"; };
		881FF40E2831B2A800E69CD3 /* RegisterViewController.swift */ = {isa = PBXFileReference; lastKnownFileType = sourcecode.swift; path = RegisterViewController.swift; sourceTree = "<group>"; };
		881FF4102831B2B500E69CD3 /* RegisterScreen.swift */ = {isa = PBXFileReference; lastKnownFileType = sourcecode.swift; path = RegisterScreen.swift; sourceTree = "<group>"; };
		881FF4152831B85400E69CD3 /* PasswordChangeScreen.swift */ = {isa = PBXFileReference; lastKnownFileType = sourcecode.swift; path = PasswordChangeScreen.swift; sourceTree = "<group>"; };
		881FF4172831B86700E69CD3 /* PasswordChangeViewController.swift */ = {isa = PBXFileReference; lastKnownFileType = sourcecode.swift; path = PasswordChangeViewController.swift; sourceTree = "<group>"; };
		88614CAF28350CAB00523FA0 /* FavoriteSpotsScreen.swift */ = {isa = PBXFileReference; lastKnownFileType = sourcecode.swift; path = FavoriteSpotsScreen.swift; sourceTree = "<group>"; };
		88614CB228350D3A00523FA0 /* FavoriteSpotsTableViewCell.swift */ = {isa = PBXFileReference; lastKnownFileType = sourcecode.swift; path = FavoriteSpotsTableViewCell.swift; sourceTree = "<group>"; };
		88614CB528350D7300523FA0 /* LocationName.swift */ = {isa = PBXFileReference; lastKnownFileType = sourcecode.swift; path = LocationName.swift; sourceTree = "<group>"; };
		88614CB828350E6C00523FA0 /* ProfileScreen.swift */ = {isa = PBXFileReference; lastKnownFileType = sourcecode.swift; path = ProfileScreen.swift; sourceTree = "<group>"; };
		88614CBC2835165700523FA0 /* Alert.swift */ = {isa = PBXFileReference; lastKnownFileType = sourcecode.swift; path = Alert.swift; sourceTree = "<group>"; };
		88DEC5612832654A003E5DE5 /* TabBarController.swift */ = {isa = PBXFileReference; lastKnownFileType = sourcecode.swift; path = TabBarController.swift; sourceTree = "<group>"; };
		88DEC56728326665003E5DE5 /* ForecastViewController.swift */ = {isa = PBXFileReference; lastKnownFileType = sourcecode.swift; path = ForecastViewController.swift; sourceTree = "<group>"; };
		88DEC56D283266B9003E5DE5 /* ReportsViewController.swift */ = {isa = PBXFileReference; lastKnownFileType = sourcecode.swift; path = ReportsViewController.swift; sourceTree = "<group>"; };
		88DEC56F283266DB003E5DE5 /* FavoriteSpotsViewController.swift */ = {isa = PBXFileReference; lastKnownFileType = sourcecode.swift; path = FavoriteSpotsViewController.swift; sourceTree = "<group>"; };
		88DEC571283266EE003E5DE5 /* ProfileViewController.swift */ = {isa = PBXFileReference; lastKnownFileType = sourcecode.swift; path = ProfileViewController.swift; sourceTree = "<group>"; };
		88DEC57428326BF9003E5DE5 /* ForecastScreen.swift */ = {isa = PBXFileReference; lastKnownFileType = sourcecode.swift; path = ForecastScreen.swift; sourceTree = "<group>"; };
		88DEC57728327375003E5DE5 /* NearLocationsTableViewCell.swift */ = {isa = PBXFileReference; lastKnownFileType = sourcecode.swift; path = NearLocationsTableViewCell.swift; sourceTree = "<group>"; };
		88DEC57A28327396003E5DE5 /* NearLocation.swift */ = {isa = PBXFileReference; lastKnownFileType = sourcecode.swift; path = NearLocation.swift; sourceTree = "<group>"; };
		88DEC57D28327B3A003E5DE5 /* ReportsScreen.swift */ = {isa = PBXFileReference; lastKnownFileType = sourcecode.swift; path = ReportsScreen.swift; sourceTree = "<group>"; };
		88DEC58028327C70003E5DE5 /* ReportsTableViewCell.swift */ = {isa = PBXFileReference; lastKnownFileType = sourcecode.swift; path = ReportsTableViewCell.swift; sourceTree = "<group>"; };
		88DEC58328327D0C003E5DE5 /* Report.swift */ = {isa = PBXFileReference; lastKnownFileType = sourcecode.swift; path = Report.swift; sourceTree = "<group>"; };
/* End PBXFileReference section */

/* Begin PBXFrameworksBuildPhase section */
		881FF3E92831865300E69CD3 /* Frameworks */ = {
			isa = PBXFrameworksBuildPhase;
			buildActionMask = 2147483647;
			files = (
			);
			runOnlyForDeploymentPostprocessing = 0;
		};
/* End PBXFrameworksBuildPhase section */

/* Begin PBXGroup section */
		881FF3E32831865200E69CD3 = {
			isa = PBXGroup;
			children = (
				881FF3EE2831865300E69CD3 /* WavesCheck */,
				881FF3ED2831865300E69CD3 /* Products */,
			);
			sourceTree = "<group>";
		};
		881FF3ED2831865300E69CD3 /* Products */ = {
			isa = PBXGroup;
			children = (
				881FF3EC2831865300E69CD3 /* WavesCheck.app */,
			);
			name = Products;
			sourceTree = "<group>";
		};
		881FF3EE2831865300E69CD3 /* WavesCheck */ = {
			isa = PBXGroup;
			children = (
				881FF403283187D400E69CD3 /* Features */,
				88614CBA2835162B00523FA0 /* Commons */,
				881FF3EF2831865300E69CD3 /* AppDelegate.swift */,
				881FF3F12831865300E69CD3 /* SceneDelegate.swift */,
				881FF3F32831865300E69CD3 /* ViewController.swift */,
				881FF3F82831865400E69CD3 /* Assets.xcassets */,
				881FF3FA2831865400E69CD3 /* LaunchScreen.storyboard */,
				881FF3FD2831865400E69CD3 /* Info.plist */,
			);
			path = WavesCheck;
			sourceTree = "<group>";
		};
		881FF403283187D400E69CD3 /* Features */ = {
			isa = PBXGroup;
			children = (
				88DEC5662832663E003E5DE5 /* Profile */,
				88DEC56528326633003E5DE5 /* FavoriteSpots */,
				88DEC5642832662C003E5DE5 /* Reports */,
				88DEC5632832661F003E5DE5 /* Forecast */,
				88DEC56028326504003E5DE5 /* TabBar */,
				881FF4122831B82800E69CD3 /* PasswordChange */,
				881FF40B2831B28200E69CD3 /* Register */,
				881FF404283187DC00E69CD3 /* Login */,
			);
			path = Features;
			sourceTree = "<group>";
		};
		881FF404283187DC00E69CD3 /* Login */ = {
			isa = PBXGroup;
			children = (
				881FF405283187FB00E69CD3 /* Screen */,
				881FF4062831881100E69CD3 /* ViewController */,
			);
			path = Login;
			sourceTree = "<group>";
		};
		881FF405283187FB00E69CD3 /* Screen */ = {
			isa = PBXGroup;
			children = (
				881FF4072831883A00E69CD3 /* LoginScreen.swift */,
			);
			path = Screen;
			sourceTree = "<group>";
		};
		881FF4062831881100E69CD3 /* ViewController */ = {
			isa = PBXGroup;
			children = (
				881FF4092831884C00E69CD3 /* LoginViewController.swift */,
			);
			path = ViewController;
			sourceTree = "<group>";
		};
		881FF40B2831B28200E69CD3 /* Register */ = {
			isa = PBXGroup;
			children = (
				881FF40C2831B28A00E69CD3 /* Screen */,
				881FF40D2831B29300E69CD3 /* ViewController */,
			);
			path = Register;
			sourceTree = "<group>";
		};
		881FF40C2831B28A00E69CD3 /* Screen */ = {
			isa = PBXGroup;
			children = (
				881FF4102831B2B500E69CD3 /* RegisterScreen.swift */,
			);
			path = Screen;
			sourceTree = "<group>";
		};
		881FF40D2831B29300E69CD3 /* ViewController */ = {
			isa = PBXGroup;
			children = (
				881FF40E2831B2A800E69CD3 /* RegisterViewController.swift */,
			);
			path = ViewController;
			sourceTree = "<group>";
		};
		881FF4122831B82800E69CD3 /* PasswordChange */ = {
			isa = PBXGroup;
			children = (
				881FF4142831B83F00E69CD3 /* Screen */,
				881FF4132831B83100E69CD3 /* ViewController */,
			);
			path = PasswordChange;
			sourceTree = "<group>";
		};
		881FF4132831B83100E69CD3 /* ViewController */ = {
			isa = PBXGroup;
			children = (
				881FF4172831B86700E69CD3 /* PasswordChangeViewController.swift */,
			);
			path = ViewController;
			sourceTree = "<group>";
		};
		881FF4142831B83F00E69CD3 /* Screen */ = {
			isa = PBXGroup;
			children = (
				881FF4152831B85400E69CD3 /* PasswordChangeScreen.swift */,
			);
			path = Screen;
			sourceTree = "<group>";
		};
		88614CAE28350C6B00523FA0 /* Screen */ = {
			isa = PBXGroup;
			children = (
				88614CAF28350CAB00523FA0 /* FavoriteSpotsScreen.swift */,
			);
			path = Screen;
			sourceTree = "<group>";
		};
		88614CB128350D0F00523FA0 /* Cell */ = {
			isa = PBXGroup;
			children = (
				88614CB228350D3A00523FA0 /* FavoriteSpotsTableViewCell.swift */,
			);
			path = Cell;
			sourceTree = "<group>";
		};
		88614CB428350D5A00523FA0 /* Model */ = {
			isa = PBXGroup;
			children = (
				88614CB528350D7300523FA0 /* LocationName.swift */,
			);
			path = Model;
			sourceTree = "<group>";
		};
		88614CB728350E4C00523FA0 /* Screen */ = {
			isa = PBXGroup;
			children = (
				88614CB828350E6C00523FA0 /* ProfileScreen.swift */,
			);
			path = Screen;
			sourceTree = "<group>";
		};
		88614CBA2835162B00523FA0 /* Commons */ = {
			isa = PBXGroup;
			children = (
				88614CBB2835163500523FA0 /* Alert */,
			);
			path = Commons;
			sourceTree = "<group>";
		};
		88614CBB2835163500523FA0 /* Alert */ = {
			isa = PBXGroup;
			children = (
				88614CBC2835165700523FA0 /* Alert.swift */,
			);
			path = Alert;
			sourceTree = "<group>";
		};
		88DEC56028326504003E5DE5 /* TabBar */ = {
			isa = PBXGroup;
			children = (
				88DEC5612832654A003E5DE5 /* TabBarController.swift */,
			);
			path = TabBar;
			sourceTree = "<group>";
		};
		88DEC5632832661F003E5DE5 /* Forecast */ = {
			isa = PBXGroup;
			children = (
				88DEC5792832738A003E5DE5 /* Model */,
				88DEC5762832734B003E5DE5 /* Cell */,
				88DEC57328326BAE003E5DE5 /* Screen */,
				88DEC56928326669003E5DE5 /* ViewController */,
			);
			path = Forecast;
			sourceTree = "<group>";
		};
		88DEC5642832662C003E5DE5 /* Reports */ = {
			isa = PBXGroup;
			children = (
				88DEC58228327CFB003E5DE5 /* Model */,
				88DEC57F28327C57003E5DE5 /* Cell */,
				88DEC57C28327AFE003E5DE5 /* Screen */,
				88DEC56A28326673003E5DE5 /* ViewController */,
			);
			path = Reports;
			sourceTree = "<group>";
		};
		88DEC56528326633003E5DE5 /* FavoriteSpots */ = {
			isa = PBXGroup;
			children = (
				88614CB428350D5A00523FA0 /* Model */,
				88614CB128350D0F00523FA0 /* Cell */,
				88614CAE28350C6B00523FA0 /* Screen */,
				88DEC56B2832667D003E5DE5 /* ViewController */,
			);
			path = FavoriteSpots;
			sourceTree = "<group>";
		};
		88DEC5662832663E003E5DE5 /* Profile */ = {
			isa = PBXGroup;
			children = (
				88614CB728350E4C00523FA0 /* Screen */,
				88DEC56C283266A5003E5DE5 /* ViewController */,
			);
			path = Profile;
			sourceTree = "<group>";
		};
		88DEC56928326669003E5DE5 /* ViewController */ = {
			isa = PBXGroup;
			children = (
				88DEC56728326665003E5DE5 /* ForecastViewController.swift */,
			);
			path = ViewController;
			sourceTree = "<group>";
		};
		88DEC56A28326673003E5DE5 /* ViewController */ = {
			isa = PBXGroup;
			children = (
				88DEC56D283266B9003E5DE5 /* ReportsViewController.swift */,
			);
			path = ViewController;
			sourceTree = "<group>";
		};
		88DEC56B2832667D003E5DE5 /* ViewController */ = {
			isa = PBXGroup;
			children = (
				88DEC56F283266DB003E5DE5 /* FavoriteSpotsViewController.swift */,
			);
			path = ViewController;
			sourceTree = "<group>";
		};
		88DEC56C283266A5003E5DE5 /* ViewController */ = {
			isa = PBXGroup;
			children = (
				88DEC571283266EE003E5DE5 /* ProfileViewController.swift */,
			);
			path = ViewController;
			sourceTree = "<group>";
		};
		88DEC57328326BAE003E5DE5 /* Screen */ = {
			isa = PBXGroup;
			children = (
				88DEC57428326BF9003E5DE5 /* ForecastScreen.swift */,
			);
			path = Screen;
			sourceTree = "<group>";
		};
		88DEC5762832734B003E5DE5 /* Cell */ = {
			isa = PBXGroup;
			children = (
				88DEC57728327375003E5DE5 /* NearLocationsTableViewCell.swift */,
			);
			path = Cell;
			sourceTree = "<group>";
		};
		88DEC5792832738A003E5DE5 /* Model */ = {
			isa = PBXGroup;
			children = (
				88DEC57A28327396003E5DE5 /* NearLocation.swift */,
			);
			path = Model;
			sourceTree = "<group>";
		};
		88DEC57C28327AFE003E5DE5 /* Screen */ = {
			isa = PBXGroup;
			children = (
				88DEC57D28327B3A003E5DE5 /* ReportsScreen.swift */,
			);
			path = Screen;
			sourceTree = "<group>";
		};
		88DEC57F28327C57003E5DE5 /* Cell */ = {
			isa = PBXGroup;
			children = (
				88DEC58028327C70003E5DE5 /* ReportsTableViewCell.swift */,
			);
			path = Cell;
			sourceTree = "<group>";
		};
		88DEC58228327CFB003E5DE5 /* Model */ = {
			isa = PBXGroup;
			children = (
				88DEC58328327D0C003E5DE5 /* Report.swift */,
			);
			path = Model;
			sourceTree = "<group>";
		};
/* End PBXGroup section */

/* Begin PBXNativeTarget section */
		881FF3EB2831865300E69CD3 /* WavesCheck */ = {
			isa = PBXNativeTarget;
			buildConfigurationList = 881FF4002831865400E69CD3 /* Build configuration list for PBXNativeTarget "WavesCheck" */;
			buildPhases = (
				881FF3E82831865300E69CD3 /* Sources */,
				881FF3E92831865300E69CD3 /* Frameworks */,
				881FF3EA2831865300E69CD3 /* Resources */,
			);
			buildRules = (
			);
			dependencies = (
			);
			name = WavesCheck;
			productName = WavesCheck;
			productReference = 881FF3EC2831865300E69CD3 /* WavesCheck.app */;
			productType = "com.apple.product-type.application";
		};
/* End PBXNativeTarget section */

/* Begin PBXProject section */
		881FF3E42831865200E69CD3 /* Project object */ = {
			isa = PBXProject;
			attributes = {
				BuildIndependentTargetsInParallel = 1;
				LastSwiftUpdateCheck = 1320;
				LastUpgradeCheck = 1320;
				TargetAttributes = {
					881FF3EB2831865300E69CD3 = {
						CreatedOnToolsVersion = 13.2.1;
					};
				};
			};
			buildConfigurationList = 881FF3E72831865200E69CD3 /* Build configuration list for PBXProject "WavesCheck" */;
			compatibilityVersion = "Xcode 13.0";
			developmentRegion = en;
			hasScannedForEncodings = 0;
			knownRegions = (
				en,
				Base,
			);
			mainGroup = 881FF3E32831865200E69CD3;
			productRefGroup = 881FF3ED2831865300E69CD3 /* Products */;
			projectDirPath = "";
			projectRoot = "";
			targets = (
				881FF3EB2831865300E69CD3 /* WavesCheck */,
			);
		};
/* End PBXProject section */

/* Begin PBXResourcesBuildPhase section */
		881FF3EA2831865300E69CD3 /* Resources */ = {
			isa = PBXResourcesBuildPhase;
			buildActionMask = 2147483647;
			files = (
				881FF3FC2831865400E69CD3 /* LaunchScreen.storyboard in Resources */,
				881FF3F92831865400E69CD3 /* Assets.xcassets in Resources */,
			);
			runOnlyForDeploymentPostprocessing = 0;
		};
/* End PBXResourcesBuildPhase section */

/* Begin PBXSourcesBuildPhase section */
		881FF3E82831865300E69CD3 /* Sources */ = {
			isa = PBXSourcesBuildPhase;
			buildActionMask = 2147483647;
			files = (
				88614CBD2835165700523FA0 /* Alert.swift in Sources */,
				88DEC57828327375003E5DE5 /* NearLocationsTableViewCell.swift in Sources */,
				88DEC570283266DB003E5DE5 /* FavoriteSpotsViewController.swift in Sources */,
				881FF3F42831865300E69CD3 /* ViewController.swift in Sources */,
				881FF4082831883A00E69CD3 /* LoginScreen.swift in Sources */,
				881FF3F02831865300E69CD3 /* AppDelegate.swift in Sources */,
				88DEC58428327D0C003E5DE5 /* Report.swift in Sources */,
				88614CB628350D7300523FA0 /* LocationName.swift in Sources */,
				88614CB928350E6C00523FA0 /* ProfileScreen.swift in Sources */,
				88DEC572283266EE003E5DE5 /* ProfileViewController.swift in Sources */,
				88DEC5622832654A003E5DE5 /* TabBarController.swift in Sources */,
				88DEC58128327C70003E5DE5 /* ReportsTableViewCell.swift in Sources */,
				88DEC56E283266B9003E5DE5 /* ReportsViewController.swift in Sources */,
				881FF4182831B86700E69CD3 /* PasswordChangeViewController.swift in Sources */,
				881FF4112831B2B500E69CD3 /* RegisterScreen.swift in Sources */,
				881FF40F2831B2A800E69CD3 /* RegisterViewController.swift in Sources */,
				88614CB028350CAB00523FA0 /* FavoriteSpotsScreen.swift in Sources */,
				88DEC57B28327396003E5DE5 /* NearLocation.swift in Sources */,
				881FF40A2831884C00E69CD3 /* LoginViewController.swift in Sources */,
				88DEC57E28327B3A003E5DE5 /* ReportsScreen.swift in Sources */,
				881FF4162831B85400E69CD3 /* PasswordChangeScreen.swift in Sources */,
				881FF3F22831865300E69CD3 /* SceneDelegate.swift in Sources */,
				88DEC56828326665003E5DE5 /* ForecastViewController.swift in Sources */,
				88614CB328350D3A00523FA0 /* FavoriteSpotsTableViewCell.swift in Sources */,
				88DEC57528326BF9003E5DE5 /* ForecastScreen.swift in Sources */,
			);
			runOnlyForDeploymentPostprocessing = 0;
		};
/* End PBXSourcesBuildPhase section */

/* Begin PBXVariantGroup section */
		881FF3FA2831865400E69CD3 /* LaunchScreen.storyboard */ = {
			isa = PBXVariantGroup;
			children = (
				881FF3FB2831865400E69CD3 /* Base */,
			);
			name = LaunchScreen.storyboard;
			sourceTree = "<group>";
		};
/* End PBXVariantGroup section */

/* Begin XCBuildConfiguration section */
		881FF3FE2831865400E69CD3 /* Debug */ = {
			isa = XCBuildConfiguration;
			buildSettings = {
				ALWAYS_SEARCH_USER_PATHS = NO;
				CLANG_ANALYZER_NONNULL = YES;
				CLANG_ANALYZER_NUMBER_OBJECT_CONVERSION = YES_AGGRESSIVE;
				CLANG_CXX_LANGUAGE_STANDARD = "gnu++17";
				CLANG_CXX_LIBRARY = "libc++";
				CLANG_ENABLE_MODULES = YES;
				CLANG_ENABLE_OBJC_ARC = YES;
				CLANG_ENABLE_OBJC_WEAK = YES;
				CLANG_WARN_BLOCK_CAPTURE_AUTORELEASING = YES;
				CLANG_WARN_BOOL_CONVERSION = YES;
				CLANG_WARN_COMMA = YES;
				CLANG_WARN_CONSTANT_CONVERSION = YES;
				CLANG_WARN_DEPRECATED_OBJC_IMPLEMENTATIONS = YES;
				CLANG_WARN_DIRECT_OBJC_ISA_USAGE = YES_ERROR;
				CLANG_WARN_DOCUMENTATION_COMMENTS = YES;
				CLANG_WARN_EMPTY_BODY = YES;
				CLANG_WARN_ENUM_CONVERSION = YES;
				CLANG_WARN_INFINITE_RECURSION = YES;
				CLANG_WARN_INT_CONVERSION = YES;
				CLANG_WARN_NON_LITERAL_NULL_CONVERSION = YES;
				CLANG_WARN_OBJC_IMPLICIT_RETAIN_SELF = YES;
				CLANG_WARN_OBJC_LITERAL_CONVERSION = YES;
				CLANG_WARN_OBJC_ROOT_CLASS = YES_ERROR;
				CLANG_WARN_QUOTED_INCLUDE_IN_FRAMEWORK_HEADER = YES;
				CLANG_WARN_RANGE_LOOP_ANALYSIS = YES;
				CLANG_WARN_STRICT_PROTOTYPES = YES;
				CLANG_WARN_SUSPICIOUS_MOVE = YES;
				CLANG_WARN_UNGUARDED_AVAILABILITY = YES_AGGRESSIVE;
				CLANG_WARN_UNREACHABLE_CODE = YES;
				CLANG_WARN__DUPLICATE_METHOD_MATCH = YES;
				COPY_PHASE_STRIP = NO;
				DEBUG_INFORMATION_FORMAT = dwarf;
				ENABLE_STRICT_OBJC_MSGSEND = YES;
				ENABLE_TESTABILITY = YES;
				GCC_C_LANGUAGE_STANDARD = gnu11;
				GCC_DYNAMIC_NO_PIC = NO;
				GCC_NO_COMMON_BLOCKS = YES;
				GCC_OPTIMIZATION_LEVEL = 0;
				GCC_PREPROCESSOR_DEFINITIONS = (
					"DEBUG=1",
					"$(inherited)",
				);
				GCC_WARN_64_TO_32_BIT_CONVERSION = YES;
				GCC_WARN_ABOUT_RETURN_TYPE = YES_ERROR;
				GCC_WARN_UNDECLARED_SELECTOR = YES;
				GCC_WARN_UNINITIALIZED_AUTOS = YES_AGGRESSIVE;
				GCC_WARN_UNUSED_FUNCTION = YES;
				GCC_WARN_UNUSED_VARIABLE = YES;
				IPHONEOS_DEPLOYMENT_TARGET = 15.2;
				MTL_ENABLE_DEBUG_INFO = INCLUDE_SOURCE;
				MTL_FAST_MATH = YES;
				ONLY_ACTIVE_ARCH = YES;
				SDKROOT = iphoneos;
				SWIFT_ACTIVE_COMPILATION_CONDITIONS = DEBUG;
				SWIFT_OPTIMIZATION_LEVEL = "-Onone";
			};
			name = Debug;
		};
		881FF3FF2831865400E69CD3 /* Release */ = {
			isa = XCBuildConfiguration;
			buildSettings = {
				ALWAYS_SEARCH_USER_PATHS = NO;
				CLANG_ANALYZER_NONNULL = YES;
				CLANG_ANALYZER_NUMBER_OBJECT_CONVERSION = YES_AGGRESSIVE;
				CLANG_CXX_LANGUAGE_STANDARD = "gnu++17";
				CLANG_CXX_LIBRARY = "libc++";
				CLANG_ENABLE_MODULES = YES;
				CLANG_ENABLE_OBJC_ARC = YES;
				CLANG_ENABLE_OBJC_WEAK = YES;
				CLANG_WARN_BLOCK_CAPTURE_AUTORELEASING = YES;
				CLANG_WARN_BOOL_CONVERSION = YES;
				CLANG_WARN_COMMA = YES;
				CLANG_WARN_CONSTANT_CONVERSION = YES;
				CLANG_WARN_DEPRECATED_OBJC_IMPLEMENTATIONS = YES;
				CLANG_WARN_DIRECT_OBJC_ISA_USAGE = YES_ERROR;
				CLANG_WARN_DOCUMENTATION_COMMENTS = YES;
				CLANG_WARN_EMPTY_BODY = YES;
				CLANG_WARN_ENUM_CONVERSION = YES;
				CLANG_WARN_INFINITE_RECURSION = YES;
				CLANG_WARN_INT_CONVERSION = YES;
				CLANG_WARN_NON_LITERAL_NULL_CONVERSION = YES;
				CLANG_WARN_OBJC_IMPLICIT_RETAIN_SELF = YES;
				CLANG_WARN_OBJC_LITERAL_CONVERSION = YES;
				CLANG_WARN_OBJC_ROOT_CLASS = YES_ERROR;
				CLANG_WARN_QUOTED_INCLUDE_IN_FRAMEWORK_HEADER = YES;
				CLANG_WARN_RANGE_LOOP_ANALYSIS = YES;
				CLANG_WARN_STRICT_PROTOTYPES = YES;
				CLANG_WARN_SUSPICIOUS_MOVE = YES;
				CLANG_WARN_UNGUARDED_AVAILABILITY = YES_AGGRESSIVE;
				CLANG_WARN_UNREACHABLE_CODE = YES;
				CLANG_WARN__DUPLICATE_METHOD_MATCH = YES;
				COPY_PHASE_STRIP = NO;
				DEBUG_INFORMATION_FORMAT = "dwarf-with-dsym";
				ENABLE_NS_ASSERTIONS = NO;
				ENABLE_STRICT_OBJC_MSGSEND = YES;
				GCC_C_LANGUAGE_STANDARD = gnu11;
				GCC_NO_COMMON_BLOCKS = YES;
				GCC_WARN_64_TO_32_BIT_CONVERSION = YES;
				GCC_WARN_ABOUT_RETURN_TYPE = YES_ERROR;
				GCC_WARN_UNDECLARED_SELECTOR = YES;
				GCC_WARN_UNINITIALIZED_AUTOS = YES_AGGRESSIVE;
				GCC_WARN_UNUSED_FUNCTION = YES;
				GCC_WARN_UNUSED_VARIABLE = YES;
				IPHONEOS_DEPLOYMENT_TARGET = 15.2;
				MTL_ENABLE_DEBUG_INFO = NO;
				MTL_FAST_MATH = YES;
				SDKROOT = iphoneos;
				SWIFT_COMPILATION_MODE = wholemodule;
				SWIFT_OPTIMIZATION_LEVEL = "-O";
				VALIDATE_PRODUCT = YES;
			};
			name = Release;
		};
		881FF4012831865400E69CD3 /* Debug */ = {
			isa = XCBuildConfiguration;
			buildSettings = {
				ASSETCATALOG_COMPILER_APPICON_NAME = AppIcon;
				ASSETCATALOG_COMPILER_GLOBAL_ACCENT_COLOR_NAME = AccentColor;
				CODE_SIGN_STYLE = Automatic;
				CURRENT_PROJECT_VERSION = 1;
				DEVELOPMENT_TEAM = PM3M64CY8Z;
				GENERATE_INFOPLIST_FILE = YES;
				INFOPLIST_FILE = WavesCheck/Info.plist;
				INFOPLIST_KEY_UIApplicationSupportsIndirectInputEvents = YES;
				INFOPLIST_KEY_UILaunchStoryboardName = LaunchScreen;
				INFOPLIST_KEY_UISupportedInterfaceOrientations = UIInterfaceOrientationPortrait;
				INFOPLIST_KEY_UISupportedInterfaceOrientations_iPad = "UIInterfaceOrientationPortrait UIInterfaceOrientationPortraitUpsideDown UIInterfaceOrientationLandscapeLeft UIInterfaceOrientationLandscapeRight";
				INFOPLIST_KEY_UISupportedInterfaceOrientations_iPhone = "UIInterfaceOrientationPortrait UIInterfaceOrientationLandscapeLeft UIInterfaceOrientationLandscapeRight";
				LD_RUNPATH_SEARCH_PATHS = (
					"$(inherited)",
					"@executable_path/Frameworks",
				);
				MARKETING_VERSION = 1.0;
				PRODUCT_BUNDLE_IDENTIFIER = com.devbrunolopes.WavesCheck;
				PRODUCT_NAME = "$(TARGET_NAME)";
				SWIFT_EMIT_LOC_STRINGS = YES;
				SWIFT_VERSION = 5.0;
				TARGETED_DEVICE_FAMILY = 1;
			};
			name = Debug;
		};
		881FF4022831865400E69CD3 /* Release */ = {
			isa = XCBuildConfiguration;
			buildSettings = {
				ASSETCATALOG_COMPILER_APPICON_NAME = AppIcon;
				ASSETCATALOG_COMPILER_GLOBAL_ACCENT_COLOR_NAME = AccentColor;
				CODE_SIGN_STYLE = Automatic;
				CURRENT_PROJECT_VERSION = 1;
				DEVELOPMENT_TEAM = PM3M64CY8Z;
				GENERATE_INFOPLIST_FILE = YES;
				INFOPLIST_FILE = WavesCheck/Info.plist;
				INFOPLIST_KEY_UIApplicationSupportsIndirectInputEvents = YES;
				INFOPLIST_KEY_UILaunchStoryboardName = LaunchScreen;
				INFOPLIST_KEY_UISupportedInterfaceOrientations = UIInterfaceOrientationPortrait;
				INFOPLIST_KEY_UISupportedInterfaceOrientations_iPad = "UIInterfaceOrientationPortrait UIInterfaceOrientationPortraitUpsideDown UIInterfaceOrientationLandscapeLeft UIInterfaceOrientationLandscapeRight";
				INFOPLIST_KEY_UISupportedInterfaceOrientations_iPhone = "UIInterfaceOrientationPortrait UIInterfaceOrientationLandscapeLeft UIInterfaceOrientationLandscapeRight";
				LD_RUNPATH_SEARCH_PATHS = (
					"$(inherited)",
					"@executable_path/Frameworks",
				);
				MARKETING_VERSION = 1.0;
				PRODUCT_BUNDLE_IDENTIFIER = com.devbrunolopes.WavesCheck;
				PRODUCT_NAME = "$(TARGET_NAME)";
				SWIFT_EMIT_LOC_STRINGS = YES;
				SWIFT_VERSION = 5.0;
				TARGETED_DEVICE_FAMILY = 1;
			};
			name = Release;
		};
/* End XCBuildConfiguration section */

/* Begin XCConfigurationList section */
		881FF3E72831865200E69CD3 /* Build configuration list for PBXProject "WavesCheck" */ = {
			isa = XCConfigurationList;
			buildConfigurations = (
				881FF3FE2831865400E69CD3 /* Debug */,
				881FF3FF2831865400E69CD3 /* Release */,
			);
			defaultConfigurationIsVisible = 0;
			defaultConfigurationName = Release;
		};
		881FF4002831865400E69CD3 /* Build configuration list for PBXNativeTarget "WavesCheck" */ = {
			isa = XCConfigurationList;
			buildConfigurations = (
				881FF4012831865400E69CD3 /* Debug */,
				881FF4022831865400E69CD3 /* Release */,
			);
			defaultConfigurationIsVisible = 0;
			defaultConfigurationName = Release;
		};
/* End XCConfigurationList section */
	};
	rootObject = 881FF3E42831865200E69CD3 /* Project object */;
}
